
Microsoft Visual Studio Solution File, Format Version 12.00
# Visual Studio Version 17
Project("{2150E333-8FDC-42A3-9474-1A3956D46DE8}") = "CMakePredefinedTargets", "CMakePredefinedTargets", "{B1668456-A488-345F-97D4-89F9C8DA629C}"
EndProject
Project("{8BC9CEB8-8B4A-11D0-8D11-00A0C91BC942}") = "ALL_BUILD", "ALL_BUILD.vcxproj", "{05117A3F-E1BF-3DA7-B5AB-D4383C5D812B}"
	ProjectSection(ProjectDependencies) = postProject
		{05AFD8FC-DAD0-34DE-8492-71C9F44F4D23} = {05AFD8FC-DAD0-34DE-8492-71C9F44F4D23}
		{E36E8034-B45C-35E0-B193-2A205BC5EEDB} = {E36E8034-B45C-35E0-B193-2A205BC5EEDB}
	EndProjectSection
EndProject
Project("{8BC9CEB8-8B4A-11D0-8D11-00A0C91BC942}") = "INSTALL", "INSTALL.vcxproj", "{CD1D4D9E-5EFC-33FD-AA54-117F40DAD26C}"
	ProjectSection(ProjectDependencies) = postProject
		{05117A3F-E1BF-3DA7-B5AB-D4383C5D812B} = {05117A3F-E1BF-3DA7-B5AB-D4383C5D812B}
		{05AFD8FC-DAD0-34DE-8492-71C9F44F4D23} = {05AFD8FC-DAD0-34DE-8492-71C9F44F4D23}
	EndProjectSection
EndProject
Project("{8BC9CEB8-8B4A-11D0-8D11-00A0C91BC942}") = "PACKAGE", "PACKAGE.vcxproj", "{BBFE0320-7453-3678-B44F-EFD39FD52C7C}"
	ProjectSection(ProjectDependencies) = postProject
		{05117A3F-E1BF-3DA7-B5AB-D4383C5D812B} = {05117A3F-E1BF-3DA7-B5AB-D4383C5D812B}
		{05AFD8FC-DAD0-34DE-8492-71C9F44F4D23} = {05AFD8FC-DAD0-34DE-8492-71C9F44F4D23}
	EndProjectSection
EndProject
Project("{8BC9CEB8-8B4A-11D0-8D11-00A0C91BC942}") = "ZERO_CHECK", "ZERO_CHECK.vcxproj", "{05AFD8FC-DAD0-34DE-8492-71C9F44F4D23}"
	ProjectSection(ProjectDependencies) = postProject
	EndProjectSection
EndProject
Project("{8BC9CEB8-8B4A-11D0-8D11-00A0C91BC942}") = "opus", "opus.vcxproj", "{E36E8034-B45C-35E0-B193-2A205BC5EEDB}"
	ProjectSection(ProjectDependencies) = postProject
		{05AFD8FC-DAD0-34DE-8492-71C9F44F4D23} = {05AFD8FC-DAD0-34DE-8492-71C9F44F4D23}
	EndProjectSection
EndProject
Global
	GlobalSection(SolutionConfigurationPlatforms) = preSolution
		Debug|x64 = Debug|x64
		Release|x64 = Release|x64
		MinSizeRel|x64 = MinSizeRel|x64
		RelWithDebInfo|x64 = RelWithDebInfo|x64
	EndGlobalSection
	GlobalSection(ProjectConfigurationPlatforms) = postSolution
		{05117A3F-E1BF-3DA7-B5AB-D4383C5D812B}.Debug|x64.ActiveCfg = Debug|x64
		{05117A3F-E1BF-3DA7-B5AB-D4383C5D812B}.Debug|x64.Build.0 = Debug|x64
		{05117A3F-E1BF-3DA7-B5AB-D4383C5D812B}.Release|x64.ActiveCfg = Release|x64
		{05117A3F-E1BF-3DA7-B5AB-D4383C5D812B}.Release|x64.Build.0 = Release|x64
		{05117A3F-E1BF-3DA7-B5AB-D4383C5D812B}.MinSizeRel|x64.ActiveCfg = MinSizeRel|x64
		{05117A3F-E1BF-3DA7-B5AB-D4383C5D812B}.MinSizeRel|x64.Build.0 = MinSizeRel|x64
		{05117A3F-E1BF-3DA7-B5AB-D4383C5D812B}.RelWithDebInfo|x64.ActiveCfg = RelWithDebInfo|x64
		{05117A3F-E1BF-3DA7-B5AB-D4383C5D812B}.RelWithDebInfo|x64.Build.0 = RelWithDebInfo|x64
		{CD1D4D9E-5EFC-33FD-AA54-117F40DAD26C}.Debug|x64.ActiveCfg = Debug|x64
		{CD1D4D9E-5EFC-33FD-AA54-117F40DAD26C}.Release|x64.ActiveCfg = Release|x64
		{CD1D4D9E-5EFC-33FD-AA54-117F40DAD26C}.MinSizeRel|x64.ActiveCfg = MinSizeRel|x64
		{CD1D4D9E-5EFC-33FD-AA54-117F40DAD26C}.RelWithDebInfo|x64.ActiveCfg = RelWithDebInfo|x64
		{BBFE0320-7453-3678-B44F-EFD39FD52C7C}.Debug|x64.ActiveCfg = Debug|x64
		{BBFE0320-7453-3678-B44F-EFD39FD52C7C}.Release|x64.ActiveCfg = Release|x64
		{BBFE0320-7453-3678-B44F-EFD39FD52C7C}.MinSizeRel|x64.ActiveCfg = MinSizeRel|x64
		{BBFE0320-7453-3678-B44F-EFD39FD52C7C}.RelWithDebInfo|x64.ActiveCfg = RelWithDebInfo|x64
		{05AFD8FC-DAD0-34DE-8492-71C9F44F4D23}.Debug|x64.ActiveCfg = Debug|x64
		{05AFD8FC-DAD0-34DE-8492-71C9F44F4D23}.Debug|x64.Build.0 = Debug|x64
		{05AFD8FC-DAD0-34DE-8492-71C9F44F4D23}.Release|x64.ActiveCfg = Release|x64
		{05AFD8FC-DAD0-34DE-8492-71C9F44F4D23}.Release|x64.Build.0 = Release|x64
		{05AFD8FC-DAD0-34DE-8492-71C9F44F4D23}.MinSizeRel|x64.ActiveCfg = MinSizeRel|x64
		{05AFD8FC-DAD0-34DE-8492-71C9F44F4D23}.MinSizeRel|x64.Build.0 = MinSizeRel|x64
		{05AFD8FC-DAD0-34DE-8492-71C9F44F4D23}.RelWithDebInfo|x64.ActiveCfg = RelWithDebInfo|x64
		{05AFD8FC-DAD0-34DE-8492-71C9F44F4D23}.RelWithDebInfo|x64.Build.0 = RelWithDebInfo|x64
		{E36E8034-B45C-35E0-B193-2A205BC5EEDB}.Debug|x64.ActiveCfg = Debug|x64
		{E36E8034-B45C-35E0-B193-2A205BC5EEDB}.Debug|x64.Build.0 = Debug|x64
		{E36E8034-B45C-35E0-B193-2A205BC5EEDB}.Release|x64.ActiveCfg = Release|x64
		{E36E8034-B45C-35E0-B193-2A205BC5EEDB}.Release|x64.Build.0 = Release|x64
		{E36E8034-B45C-35E0-B193-2A205BC5EEDB}.MinSizeRel|x64.ActiveCfg = MinSizeRel|x64
		{E36E8034-B45C-35E0-B193-2A205BC5EEDB}.MinSizeRel|x64.Build.0 = MinSizeRel|x64
		{E36E8034-B45C-35E0-B193-2A205BC5EEDB}.RelWithDebInfo|x64.ActiveCfg = RelWithDebInfo|x64
		{E36E8034-B45C-35E0-B193-2A205BC5EEDB}.RelWithDebInfo|x64.Build.0 = RelWithDebInfo|x64
	EndGlobalSection
	GlobalSection(NestedProjects) = preSolution
		{05117A3F-E1BF-3DA7-B5AB-D4383C5D812B} = {B1668456-A488-345F-97D4-89F9C8DA629C}
		{CD1D4D9E-5EFC-33FD-AA54-117F40DAD26C} = {B1668456-A488-345F-97D4-89F9C8DA629C}
		{BBFE0320-7453-3678-B44F-EFD39FD52C7C} = {B1668456-A488-345F-97D4-89F9C8DA629C}
		{05AFD8FC-DAD0-34DE-8492-71C9F44F4D23} = {B1668456-A488-345F-97D4-89F9C8DA629C}
	EndGlobalSection
	GlobalSection(ExtensibilityGlobals) = postSolution
		SolutionGuid = {322A8A00-75CC-3D1D-B5A3-DB94AFE1BDC6}
	EndGlobalSection
	GlobalSection(ExtensibilityAddIns) = postSolution
	EndGlobalSection
EndGlobal
