<?xml version="1.0" encoding="utf-8"?>
<Project ToolsVersion="4.0" xmlns="http://schemas.microsoft.com/developer/msbuild/2003">
  <ItemGroup>
    <Filter Include="Header Files">
      <UniqueIdentifier>{93995380-89BD-4b04-88EB-625FBE52EBFB}</UniqueIdentifier>
      <Extensions>h;hh;hpp;hxx;h++;hm;inl;inc;ipp;xsd</Extensions>
    </Filter>
    <Filter Include="Resource Files">
      <UniqueIdentifier>{67DA6AB6-F800-4c08-8B7A-83BB121AAD01}</UniqueIdentifier>
      <Extensions>rc;ico;cur;bmp;dlg;rc2;rct;bin;rgs;gif;jpg;jpeg;jpe;resx;tiff;tif;png;wav;mfcribbon-ms</Extensions>
    </Filter>
    <Filter Include="src">
      <UniqueIdentifier>{566f0fe8-a16f-466b-b805-a4f3ba76168d}</UniqueIdentifier>
    </Filter>
  </ItemGroup>
  <ItemGroup>
    <ClCompile Include="AudioCapture.cpp">
      <Filter>src</Filter>
    </ClCompile>
    <ClCompile Include="AudioPlayback.cpp">
      <Filter>src</Filter>
    </ClCompile>
    <ClCompile Include="AudioCodec.cpp">
      <Filter>src</Filter>
    </ClCompile>
    <ClCompile Include="NetworkSender.cpp">
      <Filter>src</Filter>
    </ClCompile>
    <ClCompile Include="NetworkReceiver.cpp">
      <Filter>src</Filter>
    </ClCompile>
    <ClCompile Include="NetworkSenderMulticast.cpp">
      <Filter>src</Filter>
    </ClCompile>
    <ClCompile Include="NetworkReceiverMulticast.cpp">
      <Filter>src</Filter>
    </ClCompile>
    <ClCompile Include="VoiceChatCpp1.cpp">
      <Filter>src</Filter>
    </ClCompile>
  </ItemGroup>
  <ItemGroup>
    <ClInclude Include="resource.h">
      <Filter>Header Files</Filter>
    </ClInclude>
    <ClInclude Include="PacketQueue.h">
      <Filter>src</Filter>
    </ClInclude>
    <ClInclude Include="AudioCapture.h">
      <Filter>src</Filter>
    </ClInclude>
    <ClInclude Include="AudioPlayback.h">
      <Filter>src</Filter>
    </ClInclude>
    <ClInclude Include="AudioCodec.h">
      <Filter>src</Filter>
    </ClInclude>
    <ClInclude Include="NetworkSender.h">
      <Filter>src</Filter>
    </ClInclude>
    <ClInclude Include="NetworkReceiver.h">
      <Filter>src</Filter>
    </ClInclude>
    <ClInclude Include="NetworkSenderMulticast.h">
      <Filter>src</Filter>
    </ClInclude>
    <ClInclude Include="NetworkReceiverMulticast.h">
      <Filter>src</Filter>
    </ClInclude>
  </ItemGroup>
  <ItemGroup>
    <ResourceCompile Include="VoiceChatCpp.rc">
      <Filter>Resource Files</Filter>
    </ResourceCompile>
  </ItemGroup>
  <ItemGroup>
    <Text Include="ip.txt" />
  </ItemGroup>
</Project>